// !$*UTF8*$!
{
	archiveVersion = 1;
	classes = {
	};
	objectVersion = 50;
	objects = {

/* Begin PBXBuildFile section */
		3FD53D5DFA6E46A54303999D /* Pods_GetDataFromStackOverflow.framework in Frameworks */ = {isa = PBXBuildFile; fileRef = 1C6632377E972BB5ED3B2C8F /* Pods_GetDataFromStackOverflow.framework */; };
		55A7A46E20C5238000E47E22 /* AppDelegate.swift in Sources */ = {isa = PBXBuildFile; fileRef = 55A7A46D20C5238000E47E22 /* AppDelegate.swift */; };
		55A7A47020C5238000E47E22 /* ViewController.swift in Sources */ = {isa = PBXBuildFile; fileRef = 55A7A46F20C5238000E47E22 /* ViewController.swift */; };
		55A7A47320C5238000E47E22 /* Main.storyboard in Resources */ = {isa = PBXBuildFile; fileRef = 55A7A47120C5238000E47E22 /* Main.storyboard */; };
		55A7A47520C5238000E47E22 /* Assets.xcassets in Resources */ = {isa = PBXBuildFile; fileRef = 55A7A47420C5238000E47E22 /* Assets.xcassets */; };
		55A7A47820C5238000E47E22 /* LaunchScreen.storyboard in Resources */ = {isa = PBXBuildFile; fileRef = 55A7A47620C5238000E47E22 /* LaunchScreen.storyboard */; };
		55F6DB4920C5880F00CE2710 /* DataTableVC.swift in Sources */ = {isa = PBXBuildFile; fileRef = 55F6DB4820C5880F00CE2710 /* DataTableVC.swift */; };
		55F6DB4C20C5B85100CE2710 /* Stat.swift in Sources */ = {isa = PBXBuildFile; fileRef = 55F6DB4B20C5B85100CE2710 /* Stat.swift */; };
		55F6DB4E20C675F800CE2710 /* DetailDataVC.swift in Sources */ = {isa = PBXBuildFile; fileRef = 55F6DB4D20C675F800CE2710 /* DetailDataVC.swift */; };
		55F6DB5220C67EAF00CE2710 /* QuestionVC.swift in Sources */ = {isa = PBXBuildFile; fileRef = 55F6DB5120C67EAF00CE2710 /* QuestionVC.swift */; };
		55F6DB5420C681DD00CE2710 /* AuthorVC.swift in Sources */ = {isa = PBXBuildFile; fileRef = 55F6DB5320C681DD00CE2710 /* AuthorVC.swift */; };
/* End PBXBuildFile section */

/* Begin PBXFileReference section */
		1C6632377E972BB5ED3B2C8F /* Pods_GetDataFromStackOverflow.framework */ = {isa = PBXFileReference; explicitFileType = wrapper.framework; includeInIndex = 0; path = Pods_GetDataFromStackOverflow.framework; sourceTree = BUILT_PRODUCTS_DIR; };
		55A7A46A20C5238000E47E22 /* GetDataFromStackOverflow.app */ = {isa = PBXFileReference; explicitFileType = wrapper.application; includeInIndex = 0; path = GetDataFromStackOverflow.app; sourceTree = BUILT_PRODUCTS_DIR; };
		55A7A46D20C5238000E47E22 /* AppDelegate.swift */ = {isa = PBXFileReference; lastKnownFileType = sourcecode.swift; path = AppDelegate.swift; sourceTree = "<group>"; };
		55A7A46F20C5238000E47E22 /* ViewController.swift */ = {isa = PBXFileReference; lastKnownFileType = sourcecode.swift; path = ViewController.swift; sourceTree = "<group>"; };
		55A7A47220C5238000E47E22 /* Base */ = {isa = PBXFileReference; lastKnownFileType = file.storyboard; name = Base; path = Base.lproj/Main.storyboard; sourceTree = "<group>"; };
		55A7A47420C5238000E47E22 /* Assets.xcassets */ = {isa = PBXFileReference; lastKnownFileType = folder.assetcatalog; path = Assets.xcassets; sourceTree = "<group>"; };
		55A7A47720C5238000E47E22 /* Base */ = {isa = PBXFileReference; lastKnownFileType = file.storyboard; name = Base; path = Base.lproj/LaunchScreen.storyboard; sourceTree = "<group>"; };
		55A7A47920C5238000E47E22 /* Info.plist */ = {isa = PBXFileReference; lastKnownFileType = text.plist.xml; path = Info.plist; sourceTree = "<group>"; };
		55F6DB4820C5880F00CE2710 /* DataTableVC.swift */ = {isa = PBXFileReference; lastKnownFileType = sourcecode.swift; path = DataTableVC.swift; sourceTree = "<group>"; };
		55F6DB4B20C5B85100CE2710 /* Stat.swift */ = {isa = PBXFileReference; lastKnownFileType = sourcecode.swift; path = Stat.swift; sourceTree = "<group>"; };
		55F6DB4D20C675F800CE2710 /* DetailDataVC.swift */ = {isa = PBXFileReference; lastKnownFileType = sourcecode.swift; path = DetailDataVC.swift; sourceTree = "<group>"; };
		55F6DB5120C67EAF00CE2710 /* QuestionVC.swift */ = {isa = PBXFileReference; lastKnownFileType = sourcecode.swift; path = QuestionVC.swift; sourceTree = "<group>"; };
		55F6DB5320C681DD00CE2710 /* AuthorVC.swift */ = {isa = PBXFileReference; lastKnownFileType = sourcecode.swift; path = AuthorVC.swift; sourceTree = "<group>"; };
		A0208EDA3D09985CB880A1A9 /* Pods-GetDataFromStackOverflow.debug.xcconfig */ = {isa = PBXFileReference; includeInIndex = 1; lastKnownFileType = text.xcconfig; name = "Pods-GetDataFromStackOverflow.debug.xcconfig"; path = "Pods/Target Support Files/Pods-GetDataFromStackOverflow/Pods-GetDataFromStackOverflow.debug.xcconfig"; sourceTree = "<group>"; };
		E04FAA88F079D68299867443 /* Pods-GetDataFromStackOverflow.release.xcconfig */ = {isa = PBXFileReference; includeInIndex = 1; lastKnownFileType = text.xcconfig; name = "Pods-GetDataFromStackOverflow.release.xcconfig"; path = "Pods/Target Support Files/Pods-GetDataFromStackOverflow/Pods-GetDataFromStackOverflow.release.xcconfig"; sourceTree = "<group>"; };
/* End PBXFileReference section */

/* Begin PBXFrameworksBuildPhase section */
		55A7A46720C5238000E47E22 /* Frameworks */ = {
			isa = PBXFrameworksBuildPhase;
			buildActionMask = 2147483647;
			files = (
				3FD53D5DFA6E46A54303999D /* Pods_GetDataFromStackOverflow.framework in Frameworks */,
			);
			runOnlyForDeploymentPostprocessing = 0;
		};
/* End PBXFrameworksBuildPhase section */

/* Begin PBXGroup section */
		55A7A46120C5238000E47E22 = {
			isa = PBXGroup;
			children = (
				55A7A46C20C5238000E47E22 /* GetDataFromStackOverflow */,
				55A7A46B20C5238000E47E22 /* Products */,
				FCD2EC43B8C87DA5CC40AE60 /* Pods */,
				E073B554D13E6FD7DAC22F97 /* Frameworks */,
			);
			sourceTree = "<group>";
		};
		55A7A46B20C5238000E47E22 /* Products */ = {
			isa = PBXGroup;
			children = (
				55A7A46A20C5238000E47E22 /* GetDataFromStackOverflow.app */,
			);
			name = Products;
			sourceTree = "<group>";
		};
		55A7A46C20C5238000E47E22 /* GetDataFromStackOverflow */ = {
			isa = PBXGroup;
			children = (
				55A7A46D20C5238000E47E22 /* AppDelegate.swift */,
				55A7A46F20C5238000E47E22 /* ViewController.swift */,
				55F6DB4820C5880F00CE2710 /* DataTableVC.swift */,
				55F6DB4D20C675F800CE2710 /* DetailDataVC.swift */,
				55F6DB5120C67EAF00CE2710 /* QuestionVC.swift */,
				55F6DB5320C681DD00CE2710 /* AuthorVC.swift */,
				55F6DB4B20C5B85100CE2710 /* Stat.swift */,
				55A7A47120C5238000E47E22 /* Main.storyboard */,
				55A7A47420C5238000E47E22 /* Assets.xcassets */,
				55A7A47620C5238000E47E22 /* LaunchScreen.storyboard */,
				55A7A47920C5238000E47E22 /* Info.plist */,
			);
			path = GetDataFromStackOverflow;
			sourceTree = "<group>";
		};
		E073B554D13E6FD7DAC22F97 /* Frameworks */ = {
			isa = PBXGroup;
			children = (
				1C6632377E972BB5ED3B2C8F /* Pods_GetDataFromStackOverflow.framework */,
			);
			name = Frameworks;
			sourceTree = "<group>";
		};
		FCD2EC43B8C87DA5CC40AE60 /* Pods */ = {
			isa = PBXGroup;
			children = (
				A0208EDA3D09985CB880A1A9 /* Pods-GetDataFromStackOverflow.debug.xcconfig */,
				E04FAA88F079D68299867443 /* Pods-GetDataFromStackOverflow.release.xcconfig */,
			);
			name = Pods;
			sourceTree = "<group>";
		};
/* End PBXGroup section */

/* Begin PBXNativeTarget section */
		55A7A46920C5238000E47E22 /* GetDataFromStackOverflow */ = {
			isa = PBXNativeTarget;
			buildConfigurationList = 55A7A47C20C5238000E47E22 /* Build configuration list for PBXNativeTarget "GetDataFromStackOverflow" */;
			buildPhases = (
				3843D2C76490EEB6079944F8 /* [CP] Check Pods Manifest.lock */,
				55A7A46620C5238000E47E22 /* Sources */,
				55A7A46720C5238000E47E22 /* Frameworks */,
				55A7A46820C5238000E47E22 /* Resources */,
				B4285DB3556CE6956822512F /* [CP] Embed Pods Frameworks */,
			);
			buildRules = (
			);
			dependencies = (
			);
			name = GetDataFromStackOverflow;
			productName = GetDataFromStackOverflow;
			productReference = 55A7A46A20C5238000E47E22 /* GetDataFromStackOverflow.app */;
			productType = "com.apple.product-type.application";
		};
/* End PBXNativeTarget section */

/* Begin PBXProject section */
		55A7A46220C5238000E47E22 /* Project object */ = {
			isa = PBXProject;
			attributes = {
				LastSwiftUpdateCheck = 0930;
				LastUpgradeCheck = 0930;
				ORGANIZATIONNAME = "Станислав Тищенко";
				TargetAttributes = {
					55A7A46920C5238000E47E22 = {
						CreatedOnToolsVersion = 9.3.1;
					};
				};
			};
			buildConfigurationList = 55A7A46520C5238000E47E22 /* Build configuration list for PBXProject "GetDataFromStackOverflow" */;
			compatibilityVersion = "Xcode 9.3";
			developmentRegion = en;
			hasScannedForEncodings = 0;
			knownRegions = (
				en,
				Base,
			);
			mainGroup = 55A7A46120C5238000E47E22;
			productRefGroup = 55A7A46B20C5238000E47E22 /* Products */;
			projectDirPath = "";
			projectRoot = "";
			targets = (
				55A7A46920C5238000E47E22 /* GetDataFromStackOverflow */,
			);
		};
/* End PBXProject section */

/* Begin PBXResourcesBuildPhase section */
		55A7A46820C5238000E47E22 /* Resources */ = {
			isa = PBXResourcesBuildPhase;
			buildActionMask = 2147483647;
			files = (
				55A7A47820C5238000E47E22 /* LaunchScreen.storyboard in Resources */,
				55A7A47520C5238000E47E22 /* Assets.xcassets in Resources */,
				55A7A47320C5238000E47E22 /* Main.storyboard in Resources */,
			);
			runOnlyForDeploymentPostprocessing = 0;
		};
/* End PBXResourcesBuildPhase section */

/* Begin PBXShellScriptBuildPhase section */
		3843D2C76490EEB6079944F8 /* [CP] Check Pods Manifest.lock */ = {
			isa = PBXShellScriptBuildPhase;
			buildActionMask = 2147483647;
			files = (
			);
			inputPaths = (
				"${PODS_PODFILE_DIR_PATH}/Podfile.lock",
				"${PODS_ROOT}/Manifest.lock",
			);
			name = "[CP] Check Pods Manifest.lock";
			outputPaths = (
				"$(DERIVED_FILE_DIR)/Pods-GetDataFromStackOverflow-checkManifestLockResult.txt",
			);
			runOnlyForDeploymentPostprocessing = 0;
			shellPath = /bin/sh;
			shellScript = "diff \"${PODS_PODFILE_DIR_PATH}/Podfile.lock\" \"${PODS_ROOT}/Manifest.lock\" > /dev/null\nif [ $? != 0 ] ; then\n    # print error to STDERR\n    echo \"error: The sandbox is not in sync with the Podfile.lock. Run 'pod install' or update your CocoaPods installation.\" >&2\n    exit 1\nfi\n# This output is used by Xcode 'outputs' to avoid re-running this script phase.\necho \"SUCCESS\" > \"${SCRIPT_OUTPUT_FILE_0}\"\n";
			showEnvVarsInLog = 0;
		};
		B4285DB3556CE6956822512F /* [CP] Embed Pods Frameworks */ = {
			isa = PBXShellScriptBuildPhase;
			buildActionMask = 2147483647;
			files = (
			);
			inputPaths = (
				"${SRCROOT}/Pods/Target Support Files/Pods-GetDataFromStackOverflow/Pods-GetDataFromStackOverflow-frameworks.sh",
				"${BUILT_PRODUCTS_DIR}/Alamofire/Alamofire.framework",
				"${BUILT_PRODUCTS_DIR}/SwiftyJSON/SwiftyJSON.framework",
			);
			name = "[CP] Embed Pods Frameworks";
			outputPaths = (
				"${TARGET_BUILD_DIR}/${FRAMEWORKS_FOLDER_PATH}/Alamofire.framework",
				"${TARGET_BUILD_DIR}/${FRAMEWORKS_FOLDER_PATH}/SwiftyJSON.framework",
			);
			runOnlyForDeploymentPostprocessing = 0;
			shellPath = /bin/sh;
			shellScript = "\"${SRCROOT}/Pods/Target Support Files/Pods-GetDataFromStackOverflow/Pods-GetDataFromStackOverflow-frameworks.sh\"\n";
			showEnvVarsInLog = 0;
		};
/* End PBXShellScriptBuildPhase section */

/* Begin PBXSourcesBuildPhase section */
		55A7A46620C5238000E47E22 /* Sources */ = {
			isa = PBXSourcesBuildPhase;
			buildActionMask = 2147483647;
			files = (
				55A7A47020C5238000E47E22 /* ViewController.swift in Sources */,
				55F6DB4E20C675F800CE2710 /* DetailDataVC.swift in Sources */,
				55F6DB5420C681DD00CE2710 /* AuthorVC.swift in Sources */,
				55A7A46E20C5238000E47E22 /* AppDelegate.swift in Sources */,
				55F6DB4920C5880F00CE2710 /* DataTableVC.swift in Sources */,
				55F6DB5220C67EAF00CE2710 /* QuestionVC.swift in Sources */,
				55F6DB4C20C5B85100CE2710 /* Stat.swift in Sources */,
			);
			runOnlyForDeploymentPostprocessing = 0;
		};
/* End PBXSourcesBuildPhase section */

/* Begin PBXVariantGroup section */
		55A7A47120C5238000E47E22 /* Main.storyboard */ = {
			isa = PBXVariantGroup;
			children = (
				55A7A47220C5238000E47E22 /* Base */,
			);
			name = Main.storyboard;
			sourceTree = "<group>";
		};
		55A7A47620C5238000E47E22 /* LaunchScreen.storyboard */ = {
			isa = PBXVariantGroup;
			children = (
				55A7A47720C5238000E47E22 /* Base */,
			);
			name = LaunchScreen.storyboard;
			sourceTree = "<group>";
		};
/* End PBXVariantGroup section */

/* Begin XCBuildConfiguration section */
		55A7A47A20C5238000E47E22 /* Debug */ = {
			isa = XCBuildConfiguration;
			buildSettings = {
				ALWAYS_SEARCH_USER_PATHS = NO;
				CLANG_ANALYZER_NONNULL = YES;
				CLANG_ANALYZER_NUMBER_OBJECT_CONVERSION = YES_AGGRESSIVE;
				CLANG_CXX_LANGUAGE_STANDARD = "gnu++14";
				CLANG_CXX_LIBRARY = "libc++";
				CLANG_ENABLE_MODULES = YES;
				CLANG_ENABLE_OBJC_ARC = YES;
				CLANG_ENABLE_OBJC_WEAK = YES;
				CLANG_WARN_BLOCK_CAPTURE_AUTORELEASING = YES;
				CLANG_WARN_BOOL_CONVERSION = YES;
				CLANG_WARN_COMMA = YES;
				CLANG_WARN_CONSTANT_CONVERSION = YES;
				CLANG_WARN_DEPRECATED_OBJC_IMPLEMENTATIONS = YES;
				CLANG_WARN_DIRECT_OBJC_ISA_USAGE = YES_ERROR;
				CLANG_WARN_DOCUMENTATION_COMMENTS = YES;
				CLANG_WARN_EMPTY_BODY = YES;
				CLANG_WARN_ENUM_CONVERSION = YES;
				CLANG_WARN_INFINITE_RECURSION = YES;
				CLANG_WARN_INT_CONVERSION = YES;
				CLANG_WARN_NON_LITERAL_NULL_CONVERSION = YES;
				CLANG_WARN_OBJC_IMPLICIT_RETAIN_SELF = YES;
				CLANG_WARN_OBJC_LITERAL_CONVERSION = YES;
				CLANG_WARN_OBJC_ROOT_CLASS = YES_ERROR;
				CLANG_WARN_RANGE_LOOP_ANALYSIS = YES;
				CLANG_WARN_STRICT_PROTOTYPES = YES;
				CLANG_WARN_SUSPICIOUS_MOVE = YES;
				CLANG_WARN_UNGUARDED_AVAILABILITY = YES_AGGRESSIVE;
				CLANG_WARN_UNREACHABLE_CODE = YES;
				CLANG_WARN__DUPLICATE_METHOD_MATCH = YES;
				CODE_SIGN_IDENTITY = "iPhone Developer";
				COPY_PHASE_STRIP = NO;
				DEBUG_INFORMATION_FORMAT = dwarf;
				ENABLE_STRICT_OBJC_MSGSEND = YES;
				ENABLE_TESTABILITY = YES;
				GCC_C_LANGUAGE_STANDARD = gnu11;
				GCC_DYNAMIC_NO_PIC = NO;
				GCC_NO_COMMON_BLOCKS = YES;
				GCC_OPTIMIZATION_LEVEL = 0;
				GCC_PREPROCESSOR_DEFINITIONS = (
					"DEBUG=1",
					"$(inherited)",
				);
				GCC_WARN_64_TO_32_BIT_CONVERSION = YES;
				GCC_WARN_ABOUT_RETURN_TYPE = YES_ERROR;
				GCC_WARN_UNDECLARED_SELECTOR = YES;
				GCC_WARN_UNINITIALIZED_AUTOS = YES_AGGRESSIVE;
				GCC_WARN_UNUSED_FUNCTION = YES;
				GCC_WARN_UNUSED_VARIABLE = YES;
				IPHONEOS_DEPLOYMENT_TARGET = 11.3;
				MTL_ENABLE_DEBUG_INFO = YES;
				ONLY_ACTIVE_ARCH = YES;
				SDKROOT = iphoneos;
				SWIFT_ACTIVE_COMPILATION_CONDITIONS = DEBUG;
				SWIFT_OPTIMIZATION_LEVEL = "-Onone";
			};
			name = Debug;
		};
		55A7A47B20C5238000E47E22 /* Release */ = {
			isa = XCBuildConfiguration;
			buildSettings = {
				ALWAYS_SEARCH_USER_PATHS = NO;
				CLANG_ANALYZER_NONNULL = YES;
				CLANG_ANALYZER_NUMBER_OBJECT_CONVERSION = YES_AGGRESSIVE;
				CLANG_CXX_LANGUAGE_STANDARD = "gnu++14";
				CLANG_CXX_LIBRARY = "libc++";
				CLANG_ENABLE_MODULES = YES;
				CLANG_ENABLE_OBJC_ARC = YES;
				CLANG_ENABLE_OBJC_WEAK = YES;
				CLANG_WARN_BLOCK_CAPTURE_AUTORELEASING = YES;
				CLANG_WARN_BOOL_CONVERSION = YES;
				CLANG_WARN_COMMA = YES;
				CLANG_WARN_CONSTANT_CONVERSION = YES;
				CLANG_WARN_DEPRECATED_OBJC_IMPLEMENTATIONS = YES;
				CLANG_WARN_DIRECT_OBJC_ISA_USAGE = YES_ERROR;
				CLANG_WARN_DOCUMENTATION_COMMENTS = YES;
				CLANG_WARN_EMPTY_BODY = YES;
				CLANG_WARN_ENUM_CONVERSION = YES;
				CLANG_WARN_INFINITE_RECURSION = YES;
				CLANG_WARN_INT_CONVERSION = YES;
				CLANG_WARN_NON_LITERAL_NULL_CONVERSION = YES;
				CLANG_WARN_OBJC_IMPLICIT_RETAIN_SELF = YES;
				CLANG_WARN_OBJC_LITERAL_CONVERSION = YES;
				CLANG_WARN_OBJC_ROOT_CLASS = YES_ERROR;
				CLANG_WARN_RANGE_LOOP_ANALYSIS = YES;
				CLANG_WARN_STRICT_PROTOTYPES = YES;
				CLANG_WARN_SUSPICIOUS_MOVE = YES;
				CLANG_WARN_UNGUARDED_AVAILABILITY = YES_AGGRESSIVE;
				CLANG_WARN_UNREACHABLE_CODE = YES;
				CLANG_WARN__DUPLICATE_METHOD_MATCH = YES;
				CODE_SIGN_IDENTITY = "iPhone Developer";
				COPY_PHASE_STRIP = NO;
				DEBUG_INFORMATION_FORMAT = "dwarf-with-dsym";
				ENABLE_NS_ASSERTIONS = NO;
				ENABLE_STRICT_OBJC_MSGSEND = YES;
				GCC_C_LANGUAGE_STANDARD = gnu11;
				GCC_NO_COMMON_BLOCKS = YES;
				GCC_WARN_64_TO_32_BIT_CONVERSION = YES;
				GCC_WARN_ABOUT_RETURN_TYPE = YES_ERROR;
				GCC_WARN_UNDECLARED_SELECTOR = YES;
				GCC_WARN_UNINITIALIZED_AUTOS = YES_AGGRESSIVE;
				GCC_WARN_UNUSED_FUNCTION = YES;
				GCC_WARN_UNUSED_VARIABLE = YES;
				IPHONEOS_DEPLOYMENT_TARGET = 11.3;
				MTL_ENABLE_DEBUG_INFO = NO;
				SDKROOT = iphoneos;
				SWIFT_COMPILATION_MODE = wholemodule;
				SWIFT_OPTIMIZATION_LEVEL = "-O";
				VALIDATE_PRODUCT = YES;
			};
			name = Release;
		};
		55A7A47D20C5238000E47E22 /* Debug */ = {
			isa = XCBuildConfiguration;
			baseConfigurationReference = A0208EDA3D09985CB880A1A9 /* Pods-GetDataFromStackOverflow.debug.xcconfig */;
			buildSettings = {
				ASSETCATALOG_COMPILER_APPICON_NAME = AppIcon;
				CODE_SIGN_STYLE = Automatic;
				INFOPLIST_FILE = GetDataFromStackOverflow/Info.plist;
				LD_RUNPATH_SEARCH_PATHS = (
					"$(inherited)",
					"@executable_path/Frameworks",
				);
				PRODUCT_BUNDLE_IDENTIFIER = "-easy.GetDataFromStackOverflow";
				PRODUCT_NAME = "$(TARGET_NAME)";
				SWIFT_VERSION = 4.0;
				TARGETED_DEVICE_FAMILY = "1,2";
			};
			name = Debug;
		};
		55A7A47E20C5238000E47E22 /* Release */ = {
			isa = XCBuildConfiguration;
			baseConfigurationReference = E04FAA88F079D68299867443 /* Pods-GetDataFromStackOverflow.release.xcconfig */;
			buildSettings = {
				ASSETCATALOG_COMPILER_APPICON_NAME = AppIcon;
				CODE_SIGN_STYLE = Automatic;
				INFOPLIST_FILE = GetDataFromStackOverflow/Info.plist;
				LD_RUNPATH_SEARCH_PATHS = (
					"$(inherited)",
					"@executable_path/Frameworks",
				);
				PRODUCT_BUNDLE_IDENTIFIER = "-easy.GetDataFromStackOverflow";
				PRODUCT_NAME = "$(TARGET_NAME)";
				SWIFT_VERSION = 4.0;
				TARGETED_DEVICE_FAMILY = "1,2";
			};
			name = Release;
		};
/* End XCBuildConfiguration section */

/* Begin XCConfigurationList section */
		55A7A46520C5238000E47E22 /* Build configuration list for PBXProject "GetDataFromStackOverflow" */ = {
			isa = XCConfigurationList;
			buildConfigurations = (
				55A7A47A20C5238000E47E22 /* Debug */,
				55A7A47B20C5238000E47E22 /* Release */,
			);
			defaultConfigurationIsVisible = 0;
			defaultConfigurationName = Release;
		};
		55A7A47C20C5238000E47E22 /* Build configuration list for PBXNativeTarget "GetDataFromStackOverflow" */ = {
			isa = XCConfigurationList;
			buildConfigurations = (
				55A7A47D20C5238000E47E22 /* Debug */,
				55A7A47E20C5238000E47E22 /* Release */,
			);
			defaultConfigurationIsVisible = 0;
			defaultConfigurationName = Release;
		};
/* End XCConfigurationList section */
	};
	rootObject = 55A7A46220C5238000E47E22 /* Project object */;
}
